
Microsoft Visual Studio Solution File, Format Version 12.00
# Visual Studio Version 17
VisualStudioVersion = 17.3.32901.215
MinimumVisualStudioVersion = 10.0.40219.1
Project("{FAE04EC0-301F-11D3-BF4B-00C04F79EFBC}") = "YSGM", "YSGM.csproj", "{59A4B5C0-F145-445F-8B4A-0C164B531E07}"
EndProject
Global
	GlobalSection(SolutionConfigurationPlatforms) = preSolution
		Debug|Any CPU = Debug|Any CPU
		Release|Any CPU = Release|Any CPU
	EndGlobalSection
	GlobalSection(ProjectConfigurationPlatforms) = postSolution
		{59A4B5C0-F145-445F-8B4A-0C164B531E07}.Debug|Any CPU.ActiveCfg = Debug|Any CPU
		{59A4B5C0-F145-445F-8B4A-0C164B531E07}.Debug|Any CPU.Build.0 = Debug|Any CPU
		{59A4B5C0-F145-445F-8B4A-0C164B531E07}.Release|Any CPU.ActiveCfg = Release|Any CPU
		{59A4B5C0-F145-445F-8B4A-0C164B531E07}.Release|Any CPU.Build.0 = Release|Any CPU
	EndGlobalSection
	GlobalSection(SolutionProperties) = preSolution
		HideSolutionNode = FALSE
	EndGlobalSection
	GlobalSection(ExtensibilityGlobals) = postSolution
		SolutionGuid = {B1D4CC9A-C1FD-489F-AD5E-93925563D54C}
	EndGlobalSection
EndGlobal
